// !$*UTF8*$!
{
	archiveVersion = 1;
	classes = {
	};
	objectVersion = 50;
	objects = {

/* Begin PBXBuildFile section */
		29E8CB25228495AA0041D822 /* AppDelegate.swift in Sources */ = {isa = PBXBuildFile; fileRef = 29E8CB24228495AA0041D822 /* AppDelegate.swift */; };
		29E8CB27228495AA0041D822 /* ViewController.swift in Sources */ = {isa = PBXBuildFile; fileRef = 29E8CB26228495AA0041D822 /* ViewController.swift */; };
		29E8CB2A228495AA0041D822 /* Main.storyboard in Resources */ = {isa = PBXBuildFile; fileRef = 29E8CB28228495AA0041D822 /* Main.storyboard */; };
		29E8CB2C228495AC0041D822 /* Assets.xcassets in Resources */ = {isa = PBXBuildFile; fileRef = 29E8CB2B228495AC0041D822 /* Assets.xcassets */; };
		29E8CB2F228495AC0041D822 /* LaunchScreen.storyboard in Resources */ = {isa = PBXBuildFile; fileRef = 29E8CB2D228495AC0041D822 /* LaunchScreen.storyboard */; };
		29E8CB3A2284967E0041D822 /* Question.swift in Sources */ = {isa = PBXBuildFile; fileRef = 29E8CB392284967E0041D822 /* Question.swift */; };
		29E8CB3C228497850041D822 /* InformationSingleton.swift in Sources */ = {isa = PBXBuildFile; fileRef = 29E8CB3B228497850041D822 /* InformationSingleton.swift */; };
		29E8CB3E2285FBF20041D822 /* Constants.swift in Sources */ = {isa = PBXBuildFile; fileRef = 29E8CB3D2285FBF20041D822 /* Constants.swift */; };
		29E8CB402285FE660041D822 /* ResultsViewController.swift in Sources */ = {isa = PBXBuildFile; fileRef = 29E8CB3F2285FE660041D822 /* ResultsViewController.swift */; };
		29E8CB422285FF440041D822 /* ResultCard.xib in Resources */ = {isa = PBXBuildFile; fileRef = 29E8CB412285FF440041D822 /* ResultCard.xib */; };
		29E8CB44228661990041D822 /* HomeViewController.swift in Sources */ = {isa = PBXBuildFile; fileRef = 29E8CB43228661990041D822 /* HomeViewController.swift */; };
/* End PBXBuildFile section */

/* Begin PBXFileReference section */
		29E8CB21228495AA0041D822 /* Quiz.app */ = {isa = PBXFileReference; explicitFileType = wrapper.application; includeInIndex = 0; path = Quiz.app; sourceTree = BUILT_PRODUCTS_DIR; };
		29E8CB24228495AA0041D822 /* AppDelegate.swift */ = {isa = PBXFileReference; lastKnownFileType = sourcecode.swift; path = AppDelegate.swift; sourceTree = "<group>"; };
		29E8CB26228495AA0041D822 /* ViewController.swift */ = {isa = PBXFileReference; lastKnownFileType = sourcecode.swift; path = ViewController.swift; sourceTree = "<group>"; };
		29E8CB29228495AA0041D822 /* Base */ = {isa = PBXFileReference; lastKnownFileType = file.storyboard; name = Base; path = Base.lproj/Main.storyboard; sourceTree = "<group>"; };
		29E8CB2B228495AC0041D822 /* Assets.xcassets */ = {isa = PBXFileReference; lastKnownFileType = folder.assetcatalog; path = Assets.xcassets; sourceTree = "<group>"; };
		29E8CB2E228495AC0041D822 /* Base */ = {isa = PBXFileReference; lastKnownFileType = file.storyboard; name = Base; path = Base.lproj/LaunchScreen.storyboard; sourceTree = "<group>"; };
		29E8CB30228495AC0041D822 /* Info.plist */ = {isa = PBXFileReference; lastKnownFileType = text.plist.xml; path = Info.plist; sourceTree = "<group>"; };
		29E8CB392284967E0041D822 /* Question.swift */ = {isa = PBXFileReference; lastKnownFileType = sourcecode.swift; path = Question.swift; sourceTree = "<group>"; };
		29E8CB3B228497850041D822 /* InformationSingleton.swift */ = {isa = PBXFileReference; lastKnownFileType = sourcecode.swift; path = InformationSingleton.swift; sourceTree = "<group>"; };
		29E8CB3D2285FBF20041D822 /* Constants.swift */ = {isa = PBXFileReference; lastKnownFileType = sourcecode.swift; path = Constants.swift; sourceTree = "<group>"; };
		29E8CB3F2285FE660041D822 /* ResultsViewController.swift */ = {isa = PBXFileReference; lastKnownFileType = sourcecode.swift; path = ResultsViewController.swift; sourceTree = "<group>"; };
		29E8CB412285FF440041D822 /* ResultCard.xib */ = {isa = PBXFileReference; lastKnownFileType = file.xib; path = ResultCard.xib; sourceTree = "<group>"; };
		29E8CB43228661990041D822 /* HomeViewController.swift */ = {isa = PBXFileReference; lastKnownFileType = sourcecode.swift; path = HomeViewController.swift; sourceTree = "<group>"; };
/* End PBXFileReference section */

/* Begin PBXFrameworksBuildPhase section */
		29E8CB1E228495AA0041D822 /* Frameworks */ = {
			isa = PBXFrameworksBuildPhase;
			buildActionMask = 2147483647;
			files = (
			);
			runOnlyForDeploymentPostprocessing = 0;
		};
/* End PBXFrameworksBuildPhase section */

/* Begin PBXGroup section */
		29E8CB18228495AA0041D822 = {
			isa = PBXGroup;
			children = (
				29E8CB23228495AA0041D822 /* Quiz */,
				29E8CB22228495AA0041D822 /* Products */,
			);
			sourceTree = "<group>";
		};
		29E8CB22228495AA0041D822 /* Products */ = {
			isa = PBXGroup;
			children = (
				29E8CB21228495AA0041D822 /* Quiz.app */,
			);
			name = Products;
			sourceTree = "<group>";
		};
		29E8CB23228495AA0041D822 /* Quiz */ = {
			isa = PBXGroup;
			children = (
				29E8CB382284964E0041D822 /* Models */,
				29E8CB37228496430041D822 /* Controllers */,
				29E8CB362284963A0041D822 /* Views */,
				29E8CB24228495AA0041D822 /* AppDelegate.swift */,
				29E8CB26228495AA0041D822 /* ViewController.swift */,
				29E8CB28228495AA0041D822 /* Main.storyboard */,
				29E8CB2B228495AC0041D822 /* Assets.xcassets */,
				29E8CB2D228495AC0041D822 /* LaunchScreen.storyboard */,
				29E8CB30228495AC0041D822 /* Info.plist */,
				29E8CB3D2285FBF20041D822 /* Constants.swift */,
			);
			path = Quiz;
			sourceTree = "<group>";
		};
		29E8CB362284963A0041D822 /* Views */ = {
			isa = PBXGroup;
			children = (
				29E8CB412285FF440041D822 /* ResultCard.xib */,
			);
			path = Views;
			sourceTree = "<group>";
		};
		29E8CB37228496430041D822 /* Controllers */ = {
			isa = PBXGroup;
			children = (
				29E8CB3F2285FE660041D822 /* ResultsViewController.swift */,
				29E8CB43228661990041D822 /* HomeViewController.swift */,
			);
			path = Controllers;
			sourceTree = "<group>";
		};
		29E8CB382284964E0041D822 /* Models */ = {
			isa = PBXGroup;
			children = (
				29E8CB392284967E0041D822 /* Question.swift */,
				29E8CB3B228497850041D822 /* InformationSingleton.swift */,
			);
			path = Models;
			sourceTree = "<group>";
		};
/* End PBXGroup section */

/* Begin PBXNativeTarget section */
		29E8CB20228495AA0041D822 /* Quiz */ = {
			isa = PBXNativeTarget;
			buildConfigurationList = 29E8CB33228495AC0041D822 /* Build configuration list for PBXNativeTarget "Quiz" */;
			buildPhases = (
				29E8CB1D228495AA0041D822 /* Sources */,
				29E8CB1E228495AA0041D822 /* Frameworks */,
				29E8CB1F228495AA0041D822 /* Resources */,
			);
			buildRules = (
			);
			dependencies = (
			);
			name = Quiz;
			productName = Quiz;
			productReference = 29E8CB21228495AA0041D822 /* Quiz.app */;
			productType = "com.apple.product-type.application";
		};
/* End PBXNativeTarget section */

/* Begin PBXProject section */
		29E8CB19228495AA0041D822 /* Project object */ = {
			isa = PBXProject;
			attributes = {
				LastSwiftUpdateCheck = 1020;
				LastUpgradeCheck = 1020;
				ORGANIZATIONNAME = "Gabriel Taques";
				TargetAttributes = {
					29E8CB20228495AA0041D822 = {
						CreatedOnToolsVersion = 10.2.1;
					};
				};
			};
			buildConfigurationList = 29E8CB1C228495AA0041D822 /* Build configuration list for PBXProject "Quiz" */;
			compatibilityVersion = "Xcode 9.3";
			developmentRegion = en;
			hasScannedForEncodings = 0;
			knownRegions = (
				en,
				Base,
			);
			mainGroup = 29E8CB18228495AA0041D822;
			productRefGroup = 29E8CB22228495AA0041D822 /* Products */;
			projectDirPath = "";
			projectRoot = "";
			targets = (
				29E8CB20228495AA0041D822 /* Quiz */,
			);
		};
/* End PBXProject section */

/* Begin PBXResourcesBuildPhase section */
		29E8CB1F228495AA0041D822 /* Resources */ = {
			isa = PBXResourcesBuildPhase;
			buildActionMask = 2147483647;
			files = (
				29E8CB422285FF440041D822 /* ResultCard.xib in Resources */,
				29E8CB2F228495AC0041D822 /* LaunchScreen.storyboard in Resources */,
				29E8CB2C228495AC0041D822 /* Assets.xcassets in Resources */,
				29E8CB2A228495AA0041D822 /* Main.storyboard in Resources */,
			);
			runOnlyForDeploymentPostprocessing = 0;
		};
/* End PBXResourcesBuildPhase section */

/* Begin PBXSourcesBuildPhase section */
		29E8CB1D228495AA0041D822 /* Sources */ = {
			isa = PBXSourcesBuildPhase;
			buildActionMask = 2147483647;
			files = (
				29E8CB3E2285FBF20041D822 /* Constants.swift in Sources */,
				29E8CB3A2284967E0041D822 /* Question.swift in Sources */,
				29E8CB27228495AA0041D822 /* ViewController.swift in Sources */,
				29E8CB25228495AA0041D822 /* AppDelegate.swift in Sources */,
				29E8CB3C228497850041D822 /* InformationSingleton.swift in Sources */,
				29E8CB44228661990041D822 /* HomeViewController.swift in Sources */,
				29E8CB402285FE660041D822 /* ResultsViewController.swift in Sources */,
			);
			runOnlyForDeploymentPostprocessing = 0;
		};
/* End PBXSourcesBuildPhase section */

/* Begin PBXVariantGroup section */
		29E8CB28228495AA0041D822 /* Main.storyboard */ = {
			isa = PBXVariantGroup;
			children = (
				29E8CB29228495AA0041D822 /* Base */,
			);
			name = Main.storyboard;
			sourceTree = "<group>";
		};
		29E8CB2D228495AC0041D822 /* LaunchScreen.storyboard */ = {
			isa = PBXVariantGroup;
			children = (
				29E8CB2E228495AC0041D822 /* Base */,
			);
			name = LaunchScreen.storyboard;
			sourceTree = "<group>";
		};
/* End PBXVariantGroup section */

/* Begin XCBuildConfiguration section */
		29E8CB31228495AC0041D822 /* Debug */ = {
			isa = XCBuildConfiguration;
			buildSettings = {
				ALWAYS_SEARCH_USER_PATHS = NO;
				CLANG_ANALYZER_NONNULL = YES;
				CLANG_ANALYZER_NUMBER_OBJECT_CONVERSION = YES_AGGRESSIVE;
				CLANG_CXX_LANGUAGE_STANDARD = "gnu++14";
				CLANG_CXX_LIBRARY = "libc++";
				CLANG_ENABLE_MODULES = YES;
				CLANG_ENABLE_OBJC_ARC = YES;
				CLANG_ENABLE_OBJC_WEAK = YES;
				CLANG_WARN_BLOCK_CAPTURE_AUTORELEASING = YES;
				CLANG_WARN_BOOL_CONVERSION = YES;
				CLANG_WARN_COMMA = YES;
				CLANG_WARN_CONSTANT_CONVERSION = YES;
				CLANG_WARN_DEPRECATED_OBJC_IMPLEMENTATIONS = YES;
				CLANG_WARN_DIRECT_OBJC_ISA_USAGE = YES_ERROR;
				CLANG_WARN_DOCUMENTATION_COMMENTS = YES;
				CLANG_WARN_EMPTY_BODY = YES;
				CLANG_WARN_ENUM_CONVERSION = YES;
				CLANG_WARN_INFINITE_RECURSION = YES;
				CLANG_WARN_INT_CONVERSION = YES;
				CLANG_WARN_NON_LITERAL_NULL_CONVERSION = YES;
				CLANG_WARN_OBJC_IMPLICIT_RETAIN_SELF = YES;
				CLANG_WARN_OBJC_LITERAL_CONVERSION = YES;
				CLANG_WARN_OBJC_ROOT_CLASS = YES_ERROR;
				CLANG_WARN_RANGE_LOOP_ANALYSIS = YES;
				CLANG_WARN_STRICT_PROTOTYPES = YES;
				CLANG_WARN_SUSPICIOUS_MOVE = YES;
				CLANG_WARN_UNGUARDED_AVAILABILITY = YES_AGGRESSIVE;
				CLANG_WARN_UNREACHABLE_CODE = YES;
				CLANG_WARN__DUPLICATE_METHOD_MATCH = YES;
				CODE_SIGN_IDENTITY = "iPhone Developer";
				COPY_PHASE_STRIP = NO;
				DEBUG_INFORMATION_FORMAT = dwarf;
				ENABLE_STRICT_OBJC_MSGSEND = YES;
				ENABLE_TESTABILITY = YES;
				GCC_C_LANGUAGE_STANDARD = gnu11;
				GCC_DYNAMIC_NO_PIC = NO;
				GCC_NO_COMMON_BLOCKS = YES;
				GCC_OPTIMIZATION_LEVEL = 0;
				GCC_PREPROCESSOR_DEFINITIONS = (
					"DEBUG=1",
					"$(inherited)",
				);
				GCC_WARN_64_TO_32_BIT_CONVERSION = YES;
				GCC_WARN_ABOUT_RETURN_TYPE = YES_ERROR;
				GCC_WARN_UNDECLARED_SELECTOR = YES;
				GCC_WARN_UNINITIALIZED_AUTOS = YES_AGGRESSIVE;
				GCC_WARN_UNUSED_FUNCTION = YES;
				GCC_WARN_UNUSED_VARIABLE = YES;
				IPHONEOS_DEPLOYMENT_TARGET = 12.2;
				MTL_ENABLE_DEBUG_INFO = INCLUDE_SOURCE;
				MTL_FAST_MATH = YES;
				ONLY_ACTIVE_ARCH = YES;
				SDKROOT = iphoneos;
				SWIFT_ACTIVE_COMPILATION_CONDITIONS = DEBUG;
				SWIFT_OPTIMIZATION_LEVEL = "-Onone";
			};
			name = Debug;
		};
		29E8CB32228495AC0041D822 /* Release */ = {
			isa = XCBuildConfiguration;
			buildSettings = {
				ALWAYS_SEARCH_USER_PATHS = NO;
				CLANG_ANALYZER_NONNULL = YES;
				CLANG_ANALYZER_NUMBER_OBJECT_CONVERSION = YES_AGGRESSIVE;
				CLANG_CXX_LANGUAGE_STANDARD = "gnu++14";
				CLANG_CXX_LIBRARY = "libc++";
				CLANG_ENABLE_MODULES = YES;
				CLANG_ENABLE_OBJC_ARC = YES;
				CLANG_ENABLE_OBJC_WEAK = YES;
				CLANG_WARN_BLOCK_CAPTURE_AUTORELEASING = YES;
				CLANG_WARN_BOOL_CONVERSION = YES;
				CLANG_WARN_COMMA = YES;
				CLANG_WARN_CONSTANT_CONVERSION = YES;
				CLANG_WARN_DEPRECATED_OBJC_IMPLEMENTATIONS = YES;
				CLANG_WARN_DIRECT_OBJC_ISA_USAGE = YES_ERROR;
				CLANG_WARN_DOCUMENTATION_COMMENTS = YES;
				CLANG_WARN_EMPTY_BODY = YES;
				CLANG_WARN_ENUM_CONVERSION = YES;
				CLANG_WARN_INFINITE_RECURSION = YES;
				CLANG_WARN_INT_CONVERSION = YES;
				CLANG_WARN_NON_LITERAL_NULL_CONVERSION = YES;
				CLANG_WARN_OBJC_IMPLICIT_RETAIN_SELF = YES;
				CLANG_WARN_OBJC_LITERAL_CONVERSION = YES;
				CLANG_WARN_OBJC_ROOT_CLASS = YES_ERROR;
				CLANG_WARN_RANGE_LOOP_ANALYSIS = YES;
				CLANG_WARN_STRICT_PROTOTYPES = YES;
				CLANG_WARN_SUSPICIOUS_MOVE = YES;
				CLANG_WARN_UNGUARDED_AVAILABILITY = YES_AGGRESSIVE;
				CLANG_WARN_UNREACHABLE_CODE = YES;
				CLANG_WARN__DUPLICATE_METHOD_MATCH = YES;
				CODE_SIGN_IDENTITY = "iPhone Developer";
				COPY_PHASE_STRIP = NO;
				DEBUG_INFORMATION_FORMAT = "dwarf-with-dsym";
				ENABLE_NS_ASSERTIONS = NO;
				ENABLE_STRICT_OBJC_MSGSEND = YES;
				GCC_C_LANGUAGE_STANDARD = gnu11;
				GCC_NO_COMMON_BLOCKS = YES;
				GCC_WARN_64_TO_32_BIT_CONVERSION = YES;
				GCC_WARN_ABOUT_RETURN_TYPE = YES_ERROR;
				GCC_WARN_UNDECLARED_SELECTOR = YES;
				GCC_WARN_UNINITIALIZED_AUTOS = YES_AGGRESSIVE;
				GCC_WARN_UNUSED_FUNCTION = YES;
				GCC_WARN_UNUSED_VARIABLE = YES;
				IPHONEOS_DEPLOYMENT_TARGET = 12.2;
				MTL_ENABLE_DEBUG_INFO = NO;
				MTL_FAST_MATH = YES;
				SDKROOT = iphoneos;
				SWIFT_COMPILATION_MODE = wholemodule;
				SWIFT_OPTIMIZATION_LEVEL = "-O";
				VALIDATE_PRODUCT = YES;
			};
			name = Release;
		};
		29E8CB34228495AC0041D822 /* Debug */ = {
			isa = XCBuildConfiguration;
			buildSettings = {
				ASSETCATALOG_COMPILER_APPICON_NAME = AppIcon;
				CODE_SIGN_STYLE = Automatic;
				DEVELOPMENT_TEAM = Z9M62WF3J6;
				INFOPLIST_FILE = Quiz/Info.plist;
				LD_RUNPATH_SEARCH_PATHS = (
					"$(inherited)",
					"@executable_path/Frameworks",
				);
				PRODUCT_BUNDLE_IDENTIFIER = com.taquesboringcompany.Quiz;
				PRODUCT_NAME = "$(TARGET_NAME)";
				SWIFT_VERSION = 5.0;
				TARGETED_DEVICE_FAMILY = "1,2";
			};
			name = Debug;
		};
		29E8CB35228495AC0041D822 /* Release */ = {
			isa = XCBuildConfiguration;
			buildSettings = {
				ASSETCATALOG_COMPILER_APPICON_NAME = AppIcon;
				CODE_SIGN_STYLE = Automatic;
				DEVELOPMENT_TEAM = Z9M62WF3J6;
				INFOPLIST_FILE = Quiz/Info.plist;
				LD_RUNPATH_SEARCH_PATHS = (
					"$(inherited)",
					"@executable_path/Frameworks",
				);
				PRODUCT_BUNDLE_IDENTIFIER = com.taquesboringcompany.Quiz;
				PRODUCT_NAME = "$(TARGET_NAME)";
				SWIFT_VERSION = 5.0;
				TARGETED_DEVICE_FAMILY = "1,2";
			};
			name = Release;
		};
/* End XCBuildConfiguration section */

/* Begin XCConfigurationList section */
		29E8CB1C228495AA0041D822 /* Build configuration list for PBXProject "Quiz" */ = {
			isa = XCConfigurationList;
			buildConfigurations = (
				29E8CB31228495AC0041D822 /* Debug */,
				29E8CB32228495AC0041D822 /* Release */,
			);
			defaultConfigurationIsVisible = 0;
			defaultConfigurationName = Release;
		};
		29E8CB33228495AC0041D822 /* Build configuration list for PBXNativeTarget "Quiz" */ = {
			isa = XCConfigurationList;
			buildConfigurations = (
				29E8CB34228495AC0041D822 /* Debug */,
				29E8CB35228495AC0041D822 /* Release */,
			);
			defaultConfigurationIsVisible = 0;
			defaultConfigurationName = Release;
		};
/* End XCConfigurationList section */
	};
	rootObject = 29E8CB19228495AA0041D822 /* Project object */;
}
